# This file is autogenerated, do not edit; changes may be undone by the next 'dep ensure'.


[[projects]]
  digest = "1:dd029f90457e0bc0fc4a549a241327bdcac1f2a36692041a19ef02aec4c36103"
  name = "cloud.google.com/go"
  packages = ["compute/metadata"]
  pruneopts = ""
  revision = "74b12019e2aa53ec27882158f59192d7cd6d1998"
  version = "v0.33.1"

[[projects]]
  digest = "1:e4b30804a381d7603b8a344009987c1ba351c26043501b23b8c7ce21f0b67474"
  name = "github.com/BurntSushi/toml"
  packages = ["."]
  pruneopts = ""
  revision = "3012a1dbe2e4bd1391d42b32f0577cb7bbc7f005"
  version = "v0.3.1"

[[projects]]
  digest = "1:512883404c2a99156e410e9880e3bb35ecccc0c07c1159eb204b5f3ef3c431b3"
  name = "github.com/bitly/go-simplejson"
  packages = ["."]
  pruneopts = ""
  revision = "aabad6e819789e569bd6aabf444c935aa9ba1e44"
  version = "v0.5.0"

[[projects]]
  branch = "v2"
  digest = "1:b309e289595a48e42a31c5ef538060817e9e6941065a5e9e841b0e813b51d445"
  name = "github.com/coreos/go-oidc"
  packages = ["."]
  pruneopts = ""
  revision = "66476e0267012774b2f9767d2d37a317d1f1aac3"

[[projects]]
  digest = "1:0deddd908b6b4b768cfc272c16ee61e7088a60f7fe2f06c547bd3d8e1f8b8e77"
  name = "github.com/davecgh/go-spew"
  packages = ["spew"]
  pruneopts = ""
  revision = "8991bc29aa16c548c550c7ff78260e27b9ab7c73"
  version = "v1.1.1"

[[projects]]
  digest = "1:3dd078fda7500c341bc26cfbc6c6a34614f295a2457149fc1045cab767cbcf18"
  name = "github.com/golang/protobuf"
  packages = ["proto"]
  pruneopts = ""
  revision = "aa810b61a9c79d51363740d207bb46cf8e620ed5"
  version = "v1.2.0"

[[projects]]
  digest = "1:af67386ca553c04c6222f7b5b2f17bc97a5dfb3b81b706882c7fd8c72c30cf8f"
  name = "github.com/mbland/hmacauth"
  packages = ["."]
  pruneopts = ""
  revision = "107c17adcc5eccc9935cd67d9bc2feaf5255d2cb"
  version = "1.0.2"

[[projects]]
  branch = "master"
  digest = "1:9408fb9c637c103010e5147469c232ce6b68edc840879cc730a2a15918e6cae8"
  name = "github.com/mreiferson/go-options"
  packages = ["."]
  pruneopts = ""
  revision = "77551d20752b54535462404ad9d877ebdb26e53d"

[[projects]]
  digest = "1:256484dbbcd271f9ecebc6795b2df8cad4c458dd0f5fd82a8c2fa0c29f233411"
  name = "github.com/pmezard/go-difflib"
  packages = ["difflib"]
  pruneopts = ""
  revision = "792786c7400a136282c1664665ae0a8db921c6c2"
  version = "v1.0.0"

[[projects]]
  branch = "master"
  digest = "1:de5481dda0c081b66450e391bbb1a5c4435b13e3c0bbf0133ba1a5baeda7b7af"
  name = "github.com/pquerna/cachecontrol"
  packages = [
    ".",
    "cacheobject",
  ]
  pruneopts = ""
  revision = "1555304b9b35fdd2b425bccf1a5613677705e7d0"

[[projects]]
  digest = "1:3926a4ec9a4ff1a072458451aa2d9b98acd059a45b38f7335d31e06c3d6a0159"
  name = "github.com/stretchr/testify"
  packages = ["assert"]
  pruneopts = ""
  revision = "69483b4bd14f5845b5a1e55bca19e954e827f1d0"
  version = "v1.1.4"

[[projects]]
  branch = "master"
  digest = "1:887074c37fcefc2f49b5ae9c6f9f36107341aec23185613d0e9f1ee81db7f94a"
  name = "golang.org/x/crypto"
  packages = [
    "bcrypt",
    "blowfish",
    "ed25519",
    "ed25519/internal/edwards25519",
    "pbkdf2",
  ]
  pruneopts = ""
  revision = "505ab145d0a99da450461ae2c1a9f6cd10d1f447"

[[projects]]
  branch = "master"
  digest = "1:ea539c13b066dac72a940b62f37600a20ab8e88057397c78f3197c1a48475425"
  name = "golang.org/x/net"
  packages = [
    "context",
    "context/ctxhttp",
  ]
  pruneopts = ""
  revision = "351d144fa1fc0bd934e2408202be0c29f25e35a0"

[[projects]]
  branch = "master"
  digest = "1:ea010cdb976f9de0c763728a76278f9109fca3299abd0dc3e8f2ccb9ff347268"
  name = "golang.org/x/oauth2"
  packages = [
    ".",
    "google",
    "internal",
    "jws",
    "jwt",
  ]
  pruneopts = ""
  revision = "d668ce993890a79bda886613ee587a69dd5da7a6"

[[projects]]
  branch = "master"
  digest = "1:1b6cbf40b2ddbc6d33b43aa0c9708f7250ae927574ce0bd51551ad164636f2b8"
  name = "google.golang.org/api"
  packages = [
    "admin/directory/v1",
    "gensupport",
    "googleapi",
    "googleapi/internal/uritemplates",
  ]
  pruneopts = ""
  revision = "af4fc4062c262223ddc2d92f5f35a93690db383a"

[[projects]]
  digest = "1:77d3cff3a451d50be4b52db9c7766c0d8570ba47593f0c9dc72173adb208e788"
  name = "google.golang.org/appengine"
  packages = [
    ".",
    "internal",
    "internal/app_identity",
    "internal/base",
    "internal/datastore",
    "internal/log",
    "internal/modules",
    "internal/remote_api",
    "internal/urlfetch",
    "urlfetch",
  ]
  pruneopts = ""
  revision = "4a4468ece617fc8205e99368fa2200e9d1fad421"
  version = "v1.3.0"

[[projects]]
  digest = "1:cb5b2a45a3dd41c01ff779c54ae4c8aab0271d6d3b3f734c8a8bd2c890299ef2"
  name = "gopkg.in/fsnotify/fsnotify.v1"
  packages = ["."]
  pruneopts = ""
  revision = "836bfd95fecc0f1511dd66bdbf2b5b61ab8b00b6"
  version = "v1.2.11"

[[projects]]
  digest = "1:f05c7e4dada99d485db5b9af5f958212e880d3b5ef8a6518f90d100d205a04f0"
  name = "gopkg.in/square/go-jose.v2"
  packages = [
    ".",
    "cipher",
    "json",
  ]
  pruneopts = ""
  revision = "f61ac651e23224d43848a8dc387dee016d7eacf9"
  version = "v2.2.0"

[solve-meta]
  analyzer-name = "dep"
  analyzer-version = 1
  input-imports = [
    "github.com/BurntSushi/toml",
    "github.com/bitly/go-simplejson",
    "github.com/coreos/go-oidc",
    "github.com/mbland/hmacauth",
    "github.com/mreiferson/go-options",
    "github.com/stretchr/testify/assert",
    "golang.org/x/crypto/bcrypt",
    "golang.org/x/oauth2",
    "golang.org/x/oauth2/google",
    "google.golang.org/api/admin/directory/v1",
    "google.golang.org/api/googleapi",
    "gopkg.in/fsnotify/fsnotify.v1",
  ]
  solver-name = "gps-cdcl"
  solver-version = 1
